Microsoft Visual Studio Solution File, Format Version 9.00
# Visual Studio 2005
Project("{F184B08F-C81C-45F6-A57F-5ABD9991F28F}") = "ExplorerBarVB", "ExplorerBarVB.vbproj", "{81F1831E-4DE3-4496-8E23-9B7676F912DF}"
EndProject
Global
	GlobalSection(SolutionConfigurationPlatforms) = preSolution
		Debug|Any CPU = Debug|Any CPU
		Release|Any CPU = Release|Any CPU
	EndGlobalSection
	GlobalSection(ProjectConfigurationPlatforms) = postSolution
		{81F1831E-4DE3-4496-8E23-9B7676F912DF}.Debug|Any CPU.ActiveCfg = Debug|Any CPU
		{81F1831E-4DE3-4496-8E23-9B7676F912DF}.Debug|Any CPU.Build.0 = Debug|Any CPU
		{81F1831E-4DE3-4496-8E23-9B7676F912DF}.Release|Any CPU.ActiveCfg = Release|Any CPU
		{81F1831E-4DE3-4496-8E23-9B7676F912DF}.Release|Any CPU.Build.0 = Release|Any CPU
	EndGlobalSection
	GlobalSection(SolutionProperties) = preSolution
		HideSolutionNode = FALSE
	EndGlobalSection
EndGlobal
