Microsoft Visual Studio Solution File, Format Version 9.00
# Visual Studio 2005
Project("{F184B08F-C81C-45F6-A57F-5ABD9991F28F}") = "TabControl", "TabControl.vbproj", "{FBD891A4-1C47-4D16-8E8C-DE9CE0FA5AE5}"
EndProject
Global
	GlobalSection(SolutionConfigurationPlatforms) = preSolution
		Debug|Any CPU = Debug|Any CPU
		Release|Any CPU = Release|Any CPU
	EndGlobalSection
	GlobalSection(ProjectConfigurationPlatforms) = postSolution
		{FBD891A4-1C47-4D16-8E8C-DE9CE0FA5AE5}.Debug|Any CPU.ActiveCfg = Debug|Any CPU
		{FBD891A4-1C47-4D16-8E8C-DE9CE0FA5AE5}.Debug|Any CPU.Build.0 = Debug|Any CPU
		{FBD891A4-1C47-4D16-8E8C-DE9CE0FA5AE5}.Release|Any CPU.ActiveCfg = Release|Any CPU
		{FBD891A4-1C47-4D16-8E8C-DE9CE0FA5AE5}.Release|Any CPU.Build.0 = Release|Any CPU
	EndGlobalSection
	GlobalSection(SolutionProperties) = preSolution
		HideSolutionNode = FALSE
	EndGlobalSection
EndGlobal
