Microsoft Visual Studio Solution File, Format Version 9.00
# Visual Studio 2005
Project("{FAE04EC0-301F-11D3-BF4B-00C04F79EFBC}") = "ExplorerBarWithControl", "ExplorerBarWithControl.csproj", "{32F9855A-33C6-4B24-89B4-C9687BE5E01D}"
EndProject
Global
	GlobalSection(SolutionConfigurationPlatforms) = preSolution
		Debug|Any CPU = Debug|Any CPU
		Release|Any CPU = Release|Any CPU
	EndGlobalSection
	GlobalSection(ProjectConfigurationPlatforms) = postSolution
		{32F9855A-33C6-4B24-89B4-C9687BE5E01D}.Debug|Any CPU.ActiveCfg = Debug|Any CPU
		{32F9855A-33C6-4B24-89B4-C9687BE5E01D}.Debug|Any CPU.Build.0 = Debug|Any CPU
		{32F9855A-33C6-4B24-89B4-C9687BE5E01D}.Release|Any CPU.ActiveCfg = Release|Any CPU
		{32F9855A-33C6-4B24-89B4-C9687BE5E01D}.Release|Any CPU.Build.0 = Release|Any CPU
	EndGlobalSection
	GlobalSection(SolutionProperties) = preSolution
		HideSolutionNode = FALSE
	EndGlobalSection
EndGlobal
