
Microsoft Visual Studio Solution File, Format Version 9.00
# Visual Studio 2005
Project("{FAE04EC0-301F-11D3-BF4B-00C04F79EFBC}") = "Validation", "Validation.csproj", "{181164E8-D8D7-44E6-B19D-A66DC7160D24}"
	ProjectSection(WebsiteProperties) = preProject
		Debug.AspNetCompiler.Debug = "True"
		Release.AspNetCompiler.Debug = "False"
	EndProjectSection
EndProject
Global
	GlobalSection(SolutionConfigurationPlatforms) = preSolution
		Debug|Any CPU = Debug|Any CPU
		Release|Any CPU = Release|Any CPU
	EndGlobalSection
	GlobalSection(ProjectConfigurationPlatforms) = postSolution
		{181164E8-D8D7-44E6-B19D-A66DC7160D24}.Debug|Any CPU.ActiveCfg = Debug|Any CPU
		{181164E8-D8D7-44E6-B19D-A66DC7160D24}.Debug|Any CPU.Build.0 = Debug|Any CPU
		{181164E8-D8D7-44E6-B19D-A66DC7160D24}.Release|Any CPU.ActiveCfg = Release|Any CPU
		{181164E8-D8D7-44E6-B19D-A66DC7160D24}.Release|Any CPU.Build.0 = Release|Any CPU
	EndGlobalSection
	GlobalSection(SolutionProperties) = preSolution
		HideSolutionNode = FALSE
	EndGlobalSection
EndGlobal
