
Microsoft Visual Studio Solution File, Format Version 9.00
# Visual Studio 2005
Project("{FAE04EC0-301F-11D3-BF4B-00C04F79EFBC}") = "TaskDialog", "TaskDialog.csproj", "{76239160-8442-4A60-8252-5143D8D5D708}"
	ProjectSection(WebsiteProperties) = preProject
		Debug.AspNetCompiler.Debug = "True"
		Release.AspNetCompiler.Debug = "False"
	EndProjectSection
EndProject
Global
	GlobalSection(SolutionConfigurationPlatforms) = preSolution
		Debug|Any CPU = Debug|Any CPU
		Release|Any CPU = Release|Any CPU
		Release2005|Any CPU = Release2005|Any CPU
		ReleaseTrial|Any CPU = ReleaseTrial|Any CPU
		ReleaseTrial2005|Any CPU = ReleaseTrial2005|Any CPU
		ReleaseTrialNoLimit|Any CPU = ReleaseTrialNoLimit|Any CPU
	EndGlobalSection
	GlobalSection(ProjectConfigurationPlatforms) = postSolution
		{76239160-8442-4A60-8252-5143D8D5D708}.Debug|Any CPU.ActiveCfg = Debug|Any CPU
		{76239160-8442-4A60-8252-5143D8D5D708}.Debug|Any CPU.Build.0 = Debug|Any CPU
		{76239160-8442-4A60-8252-5143D8D5D708}.Release|Any CPU.ActiveCfg = Release|Any CPU
		{76239160-8442-4A60-8252-5143D8D5D708}.Release|Any CPU.Build.0 = Release|Any CPU
		{76239160-8442-4A60-8252-5143D8D5D708}.Release2005|Any CPU.ActiveCfg = Release|Any CPU
		{76239160-8442-4A60-8252-5143D8D5D708}.Release2005|Any CPU.Build.0 = Release|Any CPU
		{76239160-8442-4A60-8252-5143D8D5D708}.ReleaseTrial|Any CPU.ActiveCfg = Release|Any CPU
		{76239160-8442-4A60-8252-5143D8D5D708}.ReleaseTrial|Any CPU.Build.0 = Release|Any CPU
		{76239160-8442-4A60-8252-5143D8D5D708}.ReleaseTrial2005|Any CPU.ActiveCfg = Release|Any CPU
		{76239160-8442-4A60-8252-5143D8D5D708}.ReleaseTrial2005|Any CPU.Build.0 = Release|Any CPU
		{76239160-8442-4A60-8252-5143D8D5D708}.ReleaseTrialNoLimit|Any CPU.ActiveCfg = Release|Any CPU
		{76239160-8442-4A60-8252-5143D8D5D708}.ReleaseTrialNoLimit|Any CPU.Build.0 = Release|Any CPU
	EndGlobalSection
	GlobalSection(SolutionProperties) = preSolution
		HideSolutionNode = FALSE
	EndGlobalSection
	GlobalSection(ExtensibilityGlobals) = postSolution
		VisualSVNWorkingCopyRoot = ..\..\DotNetBarTaskDialog
	EndGlobalSection
EndGlobal
