Microsoft Visual Studio Solution File, Format Version 9.00
# Visual Studio 2005
Project("{FAE04EC0-301F-11D3-BF4B-00C04F79EFBC}") = "FlatSideBar", "FlatSideBar.csproj", "{956764E9-777E-4D52-B189-86CF9B4B6167}"
EndProject
Global
	GlobalSection(SolutionConfigurationPlatforms) = preSolution
		Debug|Any CPU = Debug|Any CPU
		Release|Any CPU = Release|Any CPU
		ReleaseTrial|Any CPU = ReleaseTrial|Any CPU
		ReleaseTrialNoLimit|Any CPU = ReleaseTrialNoLimit|Any CPU
	EndGlobalSection
	GlobalSection(ProjectConfigurationPlatforms) = postSolution
		{956764E9-777E-4D52-B189-86CF9B4B6167}.Debug|Any CPU.ActiveCfg = Debug|Any CPU
		{956764E9-777E-4D52-B189-86CF9B4B6167}.Debug|Any CPU.Build.0 = Debug|Any CPU
		{956764E9-777E-4D52-B189-86CF9B4B6167}.Release|Any CPU.ActiveCfg = Release|Any CPU
		{956764E9-777E-4D52-B189-86CF9B4B6167}.Release|Any CPU.Build.0 = Release|Any CPU
		{956764E9-777E-4D52-B189-86CF9B4B6167}.ReleaseTrial|Any CPU.ActiveCfg = Release|Any CPU
		{956764E9-777E-4D52-B189-86CF9B4B6167}.ReleaseTrial|Any CPU.Build.0 = Release|Any CPU
		{956764E9-777E-4D52-B189-86CF9B4B6167}.ReleaseTrialNoLimit|Any CPU.ActiveCfg = Release|Any CPU
		{956764E9-777E-4D52-B189-86CF9B4B6167}.ReleaseTrialNoLimit|Any CPU.Build.0 = Release|Any CPU
	EndGlobalSection
	GlobalSection(SolutionProperties) = preSolution
		HideSolutionNode = FALSE
	EndGlobalSection
EndGlobal
