Microsoft Visual Studio Solution File, Format Version 9.00
# Visual Studio 2005
Project("{FAE04EC0-301F-11D3-BF4B-00C04F79EFBC}") = "ExplorerBar", "ExplorerBar.csproj", "{6667950E-ACAF-4B38-BA2A-6C9ABD4BB0CE}"
EndProject
Global
	GlobalSection(SolutionConfigurationPlatforms) = preSolution
		Debug|Any CPU = Debug|Any CPU
		Release|Any CPU = Release|Any CPU
	EndGlobalSection
	GlobalSection(ProjectConfigurationPlatforms) = postSolution
		{6667950E-ACAF-4B38-BA2A-6C9ABD4BB0CE}.Debug|Any CPU.ActiveCfg = Debug|Any CPU
		{6667950E-ACAF-4B38-BA2A-6C9ABD4BB0CE}.Debug|Any CPU.Build.0 = Debug|Any CPU
		{6667950E-ACAF-4B38-BA2A-6C9ABD4BB0CE}.Release|Any CPU.ActiveCfg = Release|Any CPU
		{6667950E-ACAF-4B38-BA2A-6C9ABD4BB0CE}.Release|Any CPU.Build.0 = Release|Any CPU
	EndGlobalSection
	GlobalSection(SolutionProperties) = preSolution
		HideSolutionNode = FALSE
	EndGlobalSection
EndGlobal
